
Microsoft Visual Studio Solution File, Format Version 12.00
# Visual Studio Version 17
VisualStudioVersion = 17.8.34525.116
MinimumVisualStudioVersion = 10.0.40219.1
Project("{FAE04EC0-301F-11D3-BF4B-00C04F79EFBC}") = "MauiAppQualCombustivel1", "MauiAppQualCombustivel1\MauiAppQualCombustivel1.csproj", "{14AB6EB6-A6AD-4D0E-BFF8-8242C309A697}"
EndProject
Global
	GlobalSection(SolutionConfigurationPlatforms) = preSolution
		Debug|Any CPU = Debug|Any CPU
		Release|Any CPU = Release|Any CPU
	EndGlobalSection
	GlobalSection(ProjectConfigurationPlatforms) = postSolution
		{14AB6EB6-A6AD-4D0E-BFF8-8242C309A697}.Debug|Any CPU.ActiveCfg = Debug|Any CPU
		{14AB6EB6-A6AD-4D0E-BFF8-8242C309A697}.Debug|Any CPU.Build.0 = Debug|Any CPU
		{14AB6EB6-A6AD-4D0E-BFF8-8242C309A697}.Debug|Any CPU.Deploy.0 = Debug|Any CPU
		{14AB6EB6-A6AD-4D0E-BFF8-8242C309A697}.Release|Any CPU.ActiveCfg = Release|Any CPU
		{14AB6EB6-A6AD-4D0E-BFF8-8242C309A697}.Release|Any CPU.Build.0 = Release|Any CPU
		{14AB6EB6-A6AD-4D0E-BFF8-8242C309A697}.Release|Any CPU.Deploy.0 = Release|Any CPU
	EndGlobalSection
	GlobalSection(SolutionProperties) = preSolution
		HideSolutionNode = FALSE
	EndGlobalSection
	GlobalSection(ExtensibilityGlobals) = postSolution
		SolutionGuid = {D65B8556-307E-4918-B373-805C1ABD90F3}
	EndGlobalSection
EndGlobal
